
Microsoft Visual Studio Solution File, Format Version 12.00
# Visual Studio Express 2013 for Windows Desktop
VisualStudioVersion = 12.0.31101.0
MinimumVisualStudioVersion = 10.0.40219.1
Project("{8BC9CEB8-8B4A-11D0-8D11-00A0C91BC942}") = "Beyond_Imagination", "Beyond_Imagination\Beyond_Imagination.vcxproj", "{D85EAC36-EA9B-4358-836B-1AC1FA0BF370}"
EndProject
Global
	GlobalSection(SolutionConfigurationPlatforms) = preSolution
		Debug|Win32 = Debug|Win32
		Release|Win32 = Release|Win32
	EndGlobalSection
	GlobalSection(ProjectConfigurationPlatforms) = postSolution
		{D85EAC36-EA9B-4358-836B-1AC1FA0BF370}.Debug|Win32.ActiveCfg = Debug|Win32
		{D85EAC36-EA9B-4358-836B-1AC1FA0BF370}.Debug|Win32.Build.0 = Debug|Win32
		{D85EAC36-EA9B-4358-836B-1AC1FA0BF370}.Release|Win32.ActiveCfg = Release|Win32
		{D85EAC36-EA9B-4358-836B-1AC1FA0BF370}.Release|Win32.Build.0 = Release|Win32
	EndGlobalSection
	GlobalSection(SolutionProperties) = preSolution
		HideSolutionNode = FALSE
	EndGlobalSection
EndGlobal
