<?xml version="1.0" encoding="utf-8"?>
<Project ToolsVersion="4.0" xmlns="http://schemas.microsoft.com/developer/msbuild/2003">
  <ItemGroup>
    <Filter Include="Quelldateien">
      <UniqueIdentifier>{4FC737F1-C7A5-4376-A066-2A32D752A2FF}</UniqueIdentifier>
      <Extensions>cpp;c;cc;cxx;def;odl;idl;hpj;bat;asm;asmx</Extensions>
    </Filter>
    <Filter Include="Headerdateien">
      <UniqueIdentifier>{93995380-89BD-4b04-88EB-625FBE52EBFB}</UniqueIdentifier>
      <Extensions>h;hh;hpp;hxx;hm;inl;inc;xsd</Extensions>
    </Filter>
    <Filter Include="Ressourcendateien">
      <UniqueIdentifier>{67DA6AB6-F800-4c08-8B7A-83BB121AAD01}</UniqueIdentifier>
      <Extensions>rc;ico;cur;bmp;dlg;rc2;rct;bin;rgs;gif;jpg;jpeg;jpe;resx;tiff;tif;png;wav;mfcribbon-ms</Extensions>
    </Filter>
    <Filter Include="Headerdateien\Global">
      <UniqueIdentifier>{3a58b44c-22bc-445a-871b-5f7900595438}</UniqueIdentifier>
    </Filter>
    <Filter Include="Headerdateien\Global\Vector">
      <UniqueIdentifier>{cb79e45f-2431-4dc6-a7a4-ed4d850a814b}</UniqueIdentifier>
    </Filter>
    <Filter Include="Headerdateien\Application">
      <UniqueIdentifier>{32c84d40-cee7-4d97-9f51-14c7234c4c53}</UniqueIdentifier>
    </Filter>
    <Filter Include="Quelldateien\Application">
      <UniqueIdentifier>{43a8ac80-070c-4f79-a9b6-91bad3827d54}</UniqueIdentifier>
    </Filter>
    <Filter Include="Quelldateien\WorldObject">
      <UniqueIdentifier>{87d0bb99-834c-4def-ba62-996f9017a46b}</UniqueIdentifier>
    </Filter>
    <Filter Include="Quelldateien\WorldObject\Unit">
      <UniqueIdentifier>{b709f39e-4692-4d38-928b-ce7bec71746c}</UniqueIdentifier>
    </Filter>
    <Filter Include="Quelldateien\WorldObject\Object">
      <UniqueIdentifier>{2b437915-d279-4f93-af8b-dddf0bac11d2}</UniqueIdentifier>
    </Filter>
    <Filter Include="Headerdateien\WorldObject">
      <UniqueIdentifier>{b04884aa-d756-4b16-a443-9c3cad441a33}</UniqueIdentifier>
    </Filter>
    <Filter Include="Headerdateien\WorldObject\Position">
      <UniqueIdentifier>{647f9f6d-570d-4692-bba0-615e6c258ecd}</UniqueIdentifier>
    </Filter>
    <Filter Include="Headerdateien\WorldObject\Rotation">
      <UniqueIdentifier>{d40454b0-b69f-4158-b40b-411e11533c60}</UniqueIdentifier>
    </Filter>
    <Filter Include="Headerdateien\WorldObject\Scaling">
      <UniqueIdentifier>{0e003abe-0309-4ad9-bbc9-ff0ad71c3737}</UniqueIdentifier>
    </Filter>
    <Filter Include="Headerdateien\WorldObject\Unit">
      <UniqueIdentifier>{618f6d2c-54ed-4420-aa28-33425bed1a5c}</UniqueIdentifier>
    </Filter>
    <Filter Include="Headerdateien\WorldObject\Object">
      <UniqueIdentifier>{8f1799fd-84cd-4462-a6f6-2b64ef3c1024}</UniqueIdentifier>
    </Filter>
    <Filter Include="Headerdateien\Global\Shader">
      <UniqueIdentifier>{1760602f-31f6-4efb-84c6-94bfa6264702}</UniqueIdentifier>
    </Filter>
    <Filter Include="Quelldateien\Global">
      <UniqueIdentifier>{2645b425-e797-4cdb-831a-64a84c8ad384}</UniqueIdentifier>
    </Filter>
    <Filter Include="Quelldateien\Global\Vector">
      <UniqueIdentifier>{dd2b65b9-c2b9-438b-af43-9ff78bafde74}</UniqueIdentifier>
    </Filter>
    <Filter Include="Quelldateien\Global\Shader">
      <UniqueIdentifier>{03f414c3-5c01-47eb-86ed-a59621a2cbb5}</UniqueIdentifier>
    </Filter>
    <Filter Include="Headerdateien\Player">
      <UniqueIdentifier>{843d19d8-2a9f-41ed-9558-410e4e77824b}</UniqueIdentifier>
    </Filter>
    <Filter Include="Quelldateien\Player">
      <UniqueIdentifier>{3f7f7d6c-813f-4b8e-b02f-3bba42dc1c4e}</UniqueIdentifier>
    </Filter>
    <Filter Include="Headerdateien\Player\Camera">
      <UniqueIdentifier>{1a39bc80-1c5b-4ae2-8867-6ca403121f8a}</UniqueIdentifier>
    </Filter>
    <Filter Include="Quelldateien\Player\Camera">
      <UniqueIdentifier>{c9ee3600-db0d-40ae-a55b-ff98d128f520}</UniqueIdentifier>
    </Filter>
    <Filter Include="Headerdateien\Player\Input">
      <UniqueIdentifier>{1177adc3-fcb0-4644-a620-c7a5f65d944b}</UniqueIdentifier>
    </Filter>
    <Filter Include="Quelldateien\Player\Input">
      <UniqueIdentifier>{e8c6df3a-20ac-4f2e-82ef-c7f62c4acac3}</UniqueIdentifier>
    </Filter>
  </ItemGroup>
  <ItemGroup>
    <ClInclude Include="GameObject\Rotation\RotationManager.h">
      <Filter>Headerdateien\WorldObject\Rotation</Filter>
    </ClInclude>
    <ClInclude Include="GameObject\Scaling\ScaleManager.h">
      <Filter>Headerdateien\WorldObject\Scaling</Filter>
    </ClInclude>
    <ClInclude Include="Global\Global.h">
      <Filter>Headerdateien\Global</Filter>
    </ClInclude>
    <ClInclude Include="GameObject\Position\PositionManager.h">
      <Filter>Headerdateien\WorldObject\Position</Filter>
    </ClInclude>
    <ClInclude Include="Application\DirectxManager.h">
      <Filter>Headerdateien\Application</Filter>
    </ClInclude>
    <ClInclude Include="WorldObject\WorldObject.h">
      <Filter>Headerdateien\WorldObject</Filter>
    </ClInclude>
    <ClInclude Include="WorldObject\Unit\Unit.h">
      <Filter>Headerdateien\WorldObject\Unit</Filter>
    </ClInclude>
    <ClInclude Include="WorldObject\Object\Object.h">
      <Filter>Headerdateien\WorldObject\Object</Filter>
    </ClInclude>
    <ClInclude Include="Global\Shader\ShaderManager.h">
      <Filter>Headerdateien\Global\Shader</Filter>
    </ClInclude>
    <ClInclude Include="Player\Player.h">
      <Filter>Headerdateien\Player</Filter>
    </ClInclude>
    <ClInclude Include="Player\Camera\Camera.h">
      <Filter>Headerdateien\Player\Camera</Filter>
    </ClInclude>
    <ClInclude Include="Player\Input\InputManager.h">
      <Filter>Headerdateien\Player\Input</Filter>
    </ClInclude>
    <ClInclude Include="Global\Material\Material.h">
      <Filter>Headerdateien</Filter>
    </ClInclude>
    <ClInclude Include="Global\VirtualKeyCodes.h">
      <Filter>Headerdateien</Filter>
    </ClInclude>
    <ClInclude Include="Global\Lighting\LightHelper.h">
      <Filter>Headerdateien</Filter>
    </ClInclude>
    <ClInclude Include="World\World.h">
      <Filter>Headerdateien</Filter>
    </ClInclude>
    <ClInclude Include="Application\ApplicationStateManager\ApplicationManager.h">
      <Filter>Headerdateien</Filter>
    </ClInclude>
    <ClInclude Include="Global\Transform\Transform.h">
      <Filter>Headerdateien</Filter>
    </ClInclude>
    <ClInclude Include="Global\Lighting\LightManager.h">
      <Filter>Headerdateien</Filter>
    </ClInclude>
    <ClInclude Include="Global\CoordinateSystem\CoordinateSystem.h">
      <Filter>Headerdateien</Filter>
    </ClInclude>
    <ClInclude Include="Global\ModelLoader\ModelLoader.h">
      <Filter>Headerdateien</Filter>
    </ClInclude>
    <ClInclude Include="Logs\FileOutputManager.h">
      <Filter>Headerdateien</Filter>
    </ClInclude>
    <ClInclude Include="Application\ApplicationStateManager\ApplicationState\ApplicationState.h">
      <Filter>Headerdateien</Filter>
    </ClInclude>
    <ClInclude Include="Application\ApplicationStateManager\ApplicationState\SinglePlayerGame.h">
      <Filter>Headerdateien</Filter>
    </ClInclude>
  </ItemGroup>
  <ItemGroup>
    <ClCompile Include="main.cpp">
      <Filter>Quelldateien</Filter>
    </ClCompile>
    <ClCompile Include="Application\DirectxManager.cpp">
      <Filter>Quelldateien\Application</Filter>
    </ClCompile>
    <ClCompile Include="WorldObject\WorldObject.cpp">
      <Filter>Quelldateien\WorldObject</Filter>
    </ClCompile>
    <ClCompile Include="WorldObject\Unit\Unit.cpp">
      <Filter>Quelldateien\WorldObject\Unit</Filter>
    </ClCompile>
    <ClCompile Include="WorldObject\Object\Object.cpp">
      <Filter>Quelldateien\WorldObject\Object</Filter>
    </ClCompile>
    <ClCompile Include="Global\Shader\ShaderManager.cpp">
      <Filter>Quelldateien\Global\Shader</Filter>
    </ClCompile>
    <ClCompile Include="Player\Player.cpp">
      <Filter>Quelldateien\Player</Filter>
    </ClCompile>
    <ClCompile Include="Player\Camera\Camera.cpp">
      <Filter>Quelldateien\Player\Camera</Filter>
    </ClCompile>
    <ClCompile Include="Player\Input\InputManager.cpp">
      <Filter>Quelldateien\Player\Input</Filter>
    </ClCompile>
    <ClCompile Include="Global\Material\Material.cpp">
      <Filter>Quelldateien</Filter>
    </ClCompile>
    <ClCompile Include="World\World.cpp">
      <Filter>Quelldateien</Filter>
    </ClCompile>
    <ClCompile Include="Application\ApplicationStateManager\ApplicationManager.cpp">
      <Filter>Quelldateien</Filter>
    </ClCompile>
    <ClCompile Include="Global\CoordinateSystem\CoordinateSystem.cpp">
      <Filter>Quelldateien</Filter>
    </ClCompile>
    <ClCompile Include="Global\ModelLoader\ModelLoader.cpp">
      <Filter>Quelldateien</Filter>
    </ClCompile>
    <ClCompile Include="Logs\FileOutputManager.cpp">
      <Filter>Quelldateien</Filter>
    </ClCompile>
    <ClCompile Include="Application\ApplicationStateManager\ApplicationState\SinglePlayerGame.cpp">
      <Filter>Quelldateien</Filter>
    </ClCompile>
  </ItemGroup>
  <ItemGroup>
    <Text Include="TextFiles\Include-Paths.txt">
      <Filter>Ressourcendateien</Filter>
    </Text>
    <Text Include="TextFiles\Model list.txt">
      <Filter>Ressourcendateien</Filter>
    </Text>
    <Text Include="TextFiles\Shader list.txt">
      <Filter>Ressourcendateien</Filter>
    </Text>
  </ItemGroup>
  <ItemGroup>
    <Object Include="models\spaceShipModel.obj" />
  </ItemGroup>
  <ItemGroup>
    <CustomBuild Include="Global\Shader\Shader.fx" />
  </ItemGroup>
  <ItemGroup>
    <None Include="Global\Shader\LightHelper.fx" />
  </ItemGroup>
  <ItemGroup>
    <FxCompile Include="Global\Shader\CoordinateSystem.fx" />
  </ItemGroup>
</Project>